<Solution>
  <Configurations>
    <BuildType Name="Debug" />
    <BuildType Name="Default" />
    <BuildType Name="Release" />
  </Configurations>
  <Project Path="PropertyListingsDB/PropertyListingsDB.sqlproj" Type="2e1ae45e-bf37-46ef-bb4d-5e11bde26dbd">
    <BuildType Solution="Default|*" Project="Release" />
  </Project>
</Solution>
